// !$*UTF8*$!
{
	archiveVersion = 1;
	classes = {
	};
	objectVersion = 46;
	objects = {

/* Begin PBXFileReference section */
		21CAEF171DAB2A7800758CF3 /* _config.yml */ = {isa = PBXFileReference; lastKnownFileType = text; path = _config.yml; sourceTree = "<group>"; };
		21CAEF181DAB2A7800758CF3 /* _posts */ = {isa = PBXFileReference; lastKnownFileType = folder; path = _posts; sourceTree = "<group>"; };
		21CAEF191DAB2A7800758CF3 /* about.md */ = {isa = PBXFileReference; lastKnownFileType = net.daringfireball.markdown; path = about.md; sourceTree = "<group>"; };
		21CAEF1A1DAB2A7800758CF3 /* css */ = {isa = PBXFileReference; lastKnownFileType = folder; path = css; sourceTree = "<group>"; };
		21CAEF1B1DAB2A7800758CF3 /* feed.xml */ = {isa = PBXFileReference; lastKnownFileType = text.xml; path = feed.xml; sourceTree = "<group>"; };
		21CAEF1C1DAB2A7800758CF3 /* Gemfile */ = {isa = PBXFileReference; lastKnownFileType = text; path = Gemfile; sourceTree = "<group>"; };
		21CAEF1D1DAB2A7800758CF3 /* Gemfile.lock */ = {isa = PBXFileReference; lastKnownFileType = text; path = Gemfile.lock; sourceTree = "<group>"; };
		21CAEF1E1DAB2A7800758CF3 /* index.html */ = {isa = PBXFileReference; lastKnownFileType = text.html; path = index.html; sourceTree = "<group>"; };
		21CAEF211DAB379A00758CF3 /* _includes */ = {isa = PBXFileReference; lastKnownFileType = folder; path = _includes; sourceTree = "<group>"; };
/* End PBXFileReference section */

/* Begin PBXGroup section */
		21CAEF101DA7E21A00758CF3 = {
			isa = PBXGroup;
			children = (
				21CAEF211DAB379A00758CF3 /* _includes */,
				21CAEF171DAB2A7800758CF3 /* _config.yml */,
				21CAEF181DAB2A7800758CF3 /* _posts */,
				21CAEF191DAB2A7800758CF3 /* about.md */,
				21CAEF1A1DAB2A7800758CF3 /* css */,
				21CAEF1B1DAB2A7800758CF3 /* feed.xml */,
				21CAEF1C1DAB2A7800758CF3 /* Gemfile */,
				21CAEF1D1DAB2A7800758CF3 /* Gemfile.lock */,
				21CAEF1E1DAB2A7800758CF3 /* index.html */,
			);
			sourceTree = "<group>";
		};
/* End PBXGroup section */

/* Begin PBXProject section */
		21CAEF111DA7E21A00758CF3 /* Project object */ = {
			isa = PBXProject;
			attributes = {
				LastUpgradeCheck = 0800;
			};
			buildConfigurationList = 21CAEF141DA7E21A00758CF3 /* Build configuration list for PBXProject "myFirstGitHub92" */;
			compatibilityVersion = "Xcode 3.2";
			developmentRegion = English;
			hasScannedForEncodings = 0;
			knownRegions = (
				en,
			);
			mainGroup = 21CAEF101DA7E21A00758CF3;
			projectDirPath = "";
			projectRoot = "";
			targets = (
			);
		};
/* End PBXProject section */

/* Begin XCBuildConfiguration section */
		21CAEF151DA7E21A00758CF3 /* Debug */ = {
			isa = XCBuildConfiguration;
			buildSettings = {
			};
			name = Debug;
		};
		21CAEF161DA7E21A00758CF3 /* Release */ = {
			isa = XCBuildConfiguration;
			buildSettings = {
			};
			name = Release;
		};
/* End XCBuildConfiguration section */

/* Begin XCConfigurationList section */
		21CAEF141DA7E21A00758CF3 /* Build configuration list for PBXProject "myFirstGitHub92" */ = {
			isa = XCConfigurationList;
			buildConfigurations = (
				21CAEF151DA7E21A00758CF3 /* Debug */,
				21CAEF161DA7E21A00758CF3 /* Release */,
			);
			defaultConfigurationIsVisible = 0;
			defaultConfigurationName = Release;
		};
/* End XCConfigurationList section */
	};
	rootObject = 21CAEF111DA7E21A00758CF3 /* Project object */;
}
